// !$*UTF8*$!
{
	archiveVersion = 1;
	classes = {
	};
	objectVersion = 52;
	objects = {

/* Begin PBXBuildFile section */
		A053DBE6262EF24500672386 /* AppDelegate.swift in Sources */ = {isa = PBXBuildFile; fileRef = A053DBE5262EF24500672386 /* AppDelegate.swift */; };
		A053DBE8262EF24500672386 /* SceneDelegate.swift in Sources */ = {isa = PBXBuildFile; fileRef = A053DBE7262EF24500672386 /* SceneDelegate.swift */; };
		A053DBEA262EF24500672386 /* ViewController.swift in Sources */ = {isa = PBXBuildFile; fileRef = A053DBE9262EF24500672386 /* ViewController.swift */; };
		A053DBED262EF24500672386 /* Main.storyboard in Resources */ = {isa = PBXBuildFile; fileRef = A053DBEB262EF24500672386 /* Main.storyboard */; };
		A053DBEF262EF24700672386 /* Assets.xcassets in Resources */ = {isa = PBXBuildFile; fileRef = A053DBEE262EF24700672386 /* Assets.xcassets */; };
		A053DBF2262EF24700672386 /* LaunchScreen.storyboard in Resources */ = {isa = PBXBuildFile; fileRef = A053DBF0262EF24700672386 /* LaunchScreen.storyboard */; };
		A053DBFC262EF49B00672386 /* Starscream in Frameworks */ = {isa = PBXBuildFile; productRef = A053DBFB262EF49B00672386 /* Starscream */; };
		A053DC00262EF4F400672386 /* Alertift in Frameworks */ = {isa = PBXBuildFile; productRef = A053DBFF262EF4F400672386 /* Alertift */; };
		A053DC04262EF59E00672386 /* WebRTC in Frameworks */ = {isa = PBXBuildFile; productRef = A053DC03262EF59E00672386 /* WebRTC */; };
		A053DC08262EF68A00672386 /* WebRTCClient.swift in Sources */ = {isa = PBXBuildFile; fileRef = A053DC07262EF68A00672386 /* WebRTCClient.swift */; };
		A053DC0C262EF6D500672386 /* WebSocketSignalingClient.swift in Sources */ = {isa = PBXBuildFile; fileRef = A053DC0B262EF6D500672386 /* WebSocketSignalingClient.swift */; };
		A053DC0F262EF6F000672386 /* JanusRequests.swift in Sources */ = {isa = PBXBuildFile; fileRef = A053DC0E262EF6F000672386 /* JanusRequests.swift */; };
		A053DC12262EF70500672386 /* JanusConnection.swift in Sources */ = {isa = PBXBuildFile; fileRef = A053DC11262EF70500672386 /* JanusConnection.swift */; };
		A053DC15262EF92000672386 /* JanusRoomManager.swift in Sources */ = {isa = PBXBuildFile; fileRef = A053DC14262EF92000672386 /* JanusRoomManager.swift */; };
		A053DC19262EF95B00672386 /* Codextended.swift in Sources */ = {isa = PBXBuildFile; fileRef = A053DC18262EF95B00672386 /* Codextended.swift */; };
		A053DC1E262EFA4100672386 /* IceCandidate.swift in Sources */ = {isa = PBXBuildFile; fileRef = A053DC1B262EFA4100672386 /* IceCandidate.swift */; };
		A053DC1F262EFA4100672386 /* SessionDescription.swift in Sources */ = {isa = PBXBuildFile; fileRef = A053DC1C262EFA4100672386 /* SessionDescription.swift */; };
		A053DC20262EFA4100672386 /* RTCStates.swift in Sources */ = {isa = PBXBuildFile; fileRef = A053DC1D262EFA4100672386 /* RTCStates.swift */; };
		FB97AB41262FC74D00573B3B /* ProgressHUD.swift in Sources */ = {isa = PBXBuildFile; fileRef = FB97AB40262FC74D00573B3B /* ProgressHUD.swift */; };
		FB97AB44262FD4AF00573B3B /* Config.swift in Sources */ = {isa = PBXBuildFile; fileRef = FB97AB43262FD4AF00573B3B /* Config.swift */; };
		FBEAC105262FB0CA008CDC23 /* VideoRoomViewController.swift in Sources */ = {isa = PBXBuildFile; fileRef = FBEAC104262FB0CA008CDC23 /* VideoRoomViewController.swift */; };
		FBEAC109262FB7B1008CDC23 /* VideoRoomCollectionViewCell.swift in Sources */ = {isa = PBXBuildFile; fileRef = FBEAC108262FB7B1008CDC23 /* VideoRoomCollectionViewCell.swift */; };
/* End PBXBuildFile section */

/* Begin PBXFileReference section */
		A053DBE2262EF24500672386 /* janus-videoroom-example.app */ = {isa = PBXFileReference; explicitFileType = wrapper.application; includeInIndex = 0; path = "janus-videoroom-example.app"; sourceTree = BUILT_PRODUCTS_DIR; };
		A053DBE5262EF24500672386 /* AppDelegate.swift */ = {isa = PBXFileReference; lastKnownFileType = sourcecode.swift; path = AppDelegate.swift; sourceTree = "<group>"; };
		A053DBE7262EF24500672386 /* SceneDelegate.swift */ = {isa = PBXFileReference; lastKnownFileType = sourcecode.swift; path = SceneDelegate.swift; sourceTree = "<group>"; };
		A053DBE9262EF24500672386 /* ViewController.swift */ = {isa = PBXFileReference; lastKnownFileType = sourcecode.swift; path = ViewController.swift; sourceTree = "<group>"; };
		A053DBEC262EF24500672386 /* Base */ = {isa = PBXFileReference; lastKnownFileType = file.storyboard; name = Base; path = Base.lproj/Main.storyboard; sourceTree = "<group>"; };
		A053DBEE262EF24700672386 /* Assets.xcassets */ = {isa = PBXFileReference; lastKnownFileType = folder.assetcatalog; path = Assets.xcassets; sourceTree = "<group>"; };
		A053DBF1262EF24700672386 /* Base */ = {isa = PBXFileReference; lastKnownFileType = file.storyboard; name = Base; path = Base.lproj/LaunchScreen.storyboard; sourceTree = "<group>"; };
		A053DBF3262EF24700672386 /* Info.plist */ = {isa = PBXFileReference; lastKnownFileType = text.plist.xml; path = Info.plist; sourceTree = "<group>"; };
		A053DC07262EF68A00672386 /* WebRTCClient.swift */ = {isa = PBXFileReference; lastKnownFileType = sourcecode.swift; path = WebRTCClient.swift; sourceTree = "<group>"; };
		A053DC0B262EF6D500672386 /* WebSocketSignalingClient.swift */ = {isa = PBXFileReference; lastKnownFileType = sourcecode.swift; path = WebSocketSignalingClient.swift; sourceTree = "<group>"; };
		A053DC0E262EF6F000672386 /* JanusRequests.swift */ = {isa = PBXFileReference; lastKnownFileType = sourcecode.swift; path = JanusRequests.swift; sourceTree = "<group>"; };
		A053DC11262EF70500672386 /* JanusConnection.swift */ = {isa = PBXFileReference; lastKnownFileType = sourcecode.swift; path = JanusConnection.swift; sourceTree = "<group>"; };
		A053DC14262EF92000672386 /* JanusRoomManager.swift */ = {isa = PBXFileReference; lastKnownFileType = sourcecode.swift; path = JanusRoomManager.swift; sourceTree = "<group>"; };
		A053DC18262EF95B00672386 /* Codextended.swift */ = {isa = PBXFileReference; fileEncoding = 4; lastKnownFileType = sourcecode.swift; path = Codextended.swift; sourceTree = "<group>"; };
		A053DC1B262EFA4100672386 /* IceCandidate.swift */ = {isa = PBXFileReference; fileEncoding = 4; lastKnownFileType = sourcecode.swift; path = IceCandidate.swift; sourceTree = "<group>"; };
		A053DC1C262EFA4100672386 /* SessionDescription.swift */ = {isa = PBXFileReference; fileEncoding = 4; lastKnownFileType = sourcecode.swift; path = SessionDescription.swift; sourceTree = "<group>"; };
		A053DC1D262EFA4100672386 /* RTCStates.swift */ = {isa = PBXFileReference; fileEncoding = 4; lastKnownFileType = sourcecode.swift; path = RTCStates.swift; sourceTree = "<group>"; };
		FB97AB40262FC74D00573B3B /* ProgressHUD.swift */ = {isa = PBXFileReference; fileEncoding = 4; lastKnownFileType = sourcecode.swift; path = ProgressHUD.swift; sourceTree = "<group>"; };
		FB97AB43262FD4AF00573B3B /* Config.swift */ = {isa = PBXFileReference; lastKnownFileType = sourcecode.swift; path = Config.swift; sourceTree = "<group>"; };
		FBEAC104262FB0CA008CDC23 /* VideoRoomViewController.swift */ = {isa = PBXFileReference; lastKnownFileType = sourcecode.swift; path = VideoRoomViewController.swift; sourceTree = "<group>"; };
		FBEAC108262FB7B1008CDC23 /* VideoRoomCollectionViewCell.swift */ = {isa = PBXFileReference; lastKnownFileType = sourcecode.swift; path = VideoRoomCollectionViewCell.swift; sourceTree = "<group>"; };
/* End PBXFileReference section */

/* Begin PBXFrameworksBuildPhase section */
		A053DBDF262EF24500672386 /* Frameworks */ = {
			isa = PBXFrameworksBuildPhase;
			buildActionMask = 2147483647;
			files = (
				A053DBFC262EF49B00672386 /* Starscream in Frameworks */,
				A053DC04262EF59E00672386 /* WebRTC in Frameworks */,
				A053DC00262EF4F400672386 /* Alertift in Frameworks */,
			);
			runOnlyForDeploymentPostprocessing = 0;
		};
/* End PBXFrameworksBuildPhase section */

/* Begin PBXGroup section */
		A053DBD9262EF24500672386 = {
			isa = PBXGroup;
			children = (
				A053DBE4262EF24500672386 /* janus-videoroom-example */,
				A053DBE3262EF24500672386 /* Products */,
			);
			sourceTree = "<group>";
		};
		A053DBE3262EF24500672386 /* Products */ = {
			isa = PBXGroup;
			children = (
				A053DBE2262EF24500672386 /* janus-videoroom-example.app */,
			);
			name = Products;
			sourceTree = "<group>";
		};
		A053DBE4262EF24500672386 /* janus-videoroom-example */ = {
			isa = PBXGroup;
			children = (
				A053DC06262EF61900672386 /* Source */,
				FBEAC103262FB0A6008CDC23 /* Views */,
				A053DBE5262EF24500672386 /* AppDelegate.swift */,
				A053DBE7262EF24500672386 /* SceneDelegate.swift */,
				A053DBEB262EF24500672386 /* Main.storyboard */,
				A053DBEE262EF24700672386 /* Assets.xcassets */,
				A053DBF0262EF24700672386 /* LaunchScreen.storyboard */,
				A053DBF3262EF24700672386 /* Info.plist */,
			);
			path = "janus-videoroom-example";
			sourceTree = "<group>";
		};
		A053DC06262EF61900672386 /* Source */ = {
			isa = PBXGroup;
			children = (
				A053DC17262EF93D00672386 /* Venders */,
				A053DC07262EF68A00672386 /* WebRTCClient.swift */,
				A053DC0B262EF6D500672386 /* WebSocketSignalingClient.swift */,
				A053DC0E262EF6F000672386 /* JanusRequests.swift */,
				A053DC11262EF70500672386 /* JanusConnection.swift */,
				A053DC14262EF92000672386 /* JanusRoomManager.swift */,
				FB97AB43262FD4AF00573B3B /* Config.swift */,
			);
			path = Source;
			sourceTree = "<group>";
		};
		A053DC17262EF93D00672386 /* Venders */ = {
			isa = PBXGroup;
			children = (
				FB97AB40262FC74D00573B3B /* ProgressHUD.swift */,
				A053DC18262EF95B00672386 /* Codextended.swift */,
				A053DC1B262EFA4100672386 /* IceCandidate.swift */,
				A053DC1D262EFA4100672386 /* RTCStates.swift */,
				A053DC1C262EFA4100672386 /* SessionDescription.swift */,
			);
			path = Venders;
			sourceTree = "<group>";
		};
		FBEAC103262FB0A6008CDC23 /* Views */ = {
			isa = PBXGroup;
			children = (
				A053DBE9262EF24500672386 /* ViewController.swift */,
				FBEAC104262FB0CA008CDC23 /* VideoRoomViewController.swift */,
				FBEAC108262FB7B1008CDC23 /* VideoRoomCollectionViewCell.swift */,
			);
			path = Views;
			sourceTree = "<group>";
		};
/* End PBXGroup section */

/* Begin PBXNativeTarget section */
		A053DBE1262EF24500672386 /* janus-videoroom-example */ = {
			isa = PBXNativeTarget;
			buildConfigurationList = A053DBF6262EF24700672386 /* Build configuration list for PBXNativeTarget "janus-videoroom-example" */;
			buildPhases = (
				A053DBDE262EF24500672386 /* Sources */,
				A053DBDF262EF24500672386 /* Frameworks */,
				A053DBE0262EF24500672386 /* Resources */,
			);
			buildRules = (
			);
			dependencies = (
			);
			name = "janus-videoroom-example";
			packageProductDependencies = (
				A053DBFB262EF49B00672386 /* Starscream */,
				A053DBFF262EF4F400672386 /* Alertift */,
				A053DC03262EF59E00672386 /* WebRTC */,
			);
			productName = "janus-videoroom-example";
			productReference = A053DBE2262EF24500672386 /* janus-videoroom-example.app */;
			productType = "com.apple.product-type.application";
		};
/* End PBXNativeTarget section */

/* Begin PBXProject section */
		A053DBDA262EF24500672386 /* Project object */ = {
			isa = PBXProject;
			attributes = {
				LastSwiftUpdateCheck = 1220;
				LastUpgradeCheck = 1220;
				TargetAttributes = {
					A053DBE1262EF24500672386 = {
						CreatedOnToolsVersion = 12.2;
					};
				};
			};
			buildConfigurationList = A053DBDD262EF24500672386 /* Build configuration list for PBXProject "janus-videoroom-example" */;
			compatibilityVersion = "Xcode 9.3";
			developmentRegion = en;
			hasScannedForEncodings = 0;
			knownRegions = (
				en,
				Base,
			);
			mainGroup = A053DBD9262EF24500672386;
			packageReferences = (
				A053DBFA262EF49B00672386 /* XCRemoteSwiftPackageReference "Starscream" */,
				A053DBFE262EF4F400672386 /* XCRemoteSwiftPackageReference "Alertift" */,
				A053DC02262EF59E00672386 /* XCRemoteSwiftPackageReference "WebRTC" */,
			);
			productRefGroup = A053DBE3262EF24500672386 /* Products */;
			projectDirPath = "";
			projectRoot = "";
			targets = (
				A053DBE1262EF24500672386 /* janus-videoroom-example */,
			);
		};
/* End PBXProject section */

/* Begin PBXResourcesBuildPhase section */
		A053DBE0262EF24500672386 /* Resources */ = {
			isa = PBXResourcesBuildPhase;
			buildActionMask = 2147483647;
			files = (
				A053DBF2262EF24700672386 /* LaunchScreen.storyboard in Resources */,
				A053DBEF262EF24700672386 /* Assets.xcassets in Resources */,
				A053DBED262EF24500672386 /* Main.storyboard in Resources */,
			);
			runOnlyForDeploymentPostprocessing = 0;
		};
/* End PBXResourcesBuildPhase section */

/* Begin PBXSourcesBuildPhase section */
		A053DBDE262EF24500672386 /* Sources */ = {
			isa = PBXSourcesBuildPhase;
			buildActionMask = 2147483647;
			files = (
				A053DC12262EF70500672386 /* JanusConnection.swift in Sources */,
				A053DBEA262EF24500672386 /* ViewController.swift in Sources */,
				A053DC1F262EFA4100672386 /* SessionDescription.swift in Sources */,
				A053DC20262EFA4100672386 /* RTCStates.swift in Sources */,
				A053DC15262EF92000672386 /* JanusRoomManager.swift in Sources */,
				A053DBE6262EF24500672386 /* AppDelegate.swift in Sources */,
				A053DC19262EF95B00672386 /* Codextended.swift in Sources */,
				A053DBE8262EF24500672386 /* SceneDelegate.swift in Sources */,
				FB97AB41262FC74D00573B3B /* ProgressHUD.swift in Sources */,
				A053DC0F262EF6F000672386 /* JanusRequests.swift in Sources */,
				FBEAC109262FB7B1008CDC23 /* VideoRoomCollectionViewCell.swift in Sources */,
				A053DC0C262EF6D500672386 /* WebSocketSignalingClient.swift in Sources */,
				A053DC08262EF68A00672386 /* WebRTCClient.swift in Sources */,
				FB97AB44262FD4AF00573B3B /* Config.swift in Sources */,
				FBEAC105262FB0CA008CDC23 /* VideoRoomViewController.swift in Sources */,
				A053DC1E262EFA4100672386 /* IceCandidate.swift in Sources */,
			);
			runOnlyForDeploymentPostprocessing = 0;
		};
/* End PBXSourcesBuildPhase section */

/* Begin PBXVariantGroup section */
		A053DBEB262EF24500672386 /* Main.storyboard */ = {
			isa = PBXVariantGroup;
			children = (
				A053DBEC262EF24500672386 /* Base */,
			);
			name = Main.storyboard;
			sourceTree = "<group>";
		};
		A053DBF0262EF24700672386 /* LaunchScreen.storyboard */ = {
			isa = PBXVariantGroup;
			children = (
				A053DBF1262EF24700672386 /* Base */,
			);
			name = LaunchScreen.storyboard;
			sourceTree = "<group>";
		};
/* End PBXVariantGroup section */

/* Begin XCBuildConfiguration section */
		A053DBF4262EF24700672386 /* Debug */ = {
			isa = XCBuildConfiguration;
			buildSettings = {
				ALWAYS_SEARCH_USER_PATHS = NO;
				CLANG_ANALYZER_NONNULL = YES;
				CLANG_ANALYZER_NUMBER_OBJECT_CONVERSION = YES_AGGRESSIVE;
				CLANG_CXX_LANGUAGE_STANDARD = "gnu++14";
				CLANG_CXX_LIBRARY = "libc++";
				CLANG_ENABLE_MODULES = YES;
				CLANG_ENABLE_OBJC_ARC = YES;
				CLANG_ENABLE_OBJC_WEAK = YES;
				CLANG_WARN_BLOCK_CAPTURE_AUTORELEASING = YES;
				CLANG_WARN_BOOL_CONVERSION = YES;
				CLANG_WARN_COMMA = YES;
				CLANG_WARN_CONSTANT_CONVERSION = YES;
				CLANG_WARN_DEPRECATED_OBJC_IMPLEMENTATIONS = YES;
				CLANG_WARN_DIRECT_OBJC_ISA_USAGE = YES_ERROR;
				CLANG_WARN_DOCUMENTATION_COMMENTS = YES;
				CLANG_WARN_EMPTY_BODY = YES;
				CLANG_WARN_ENUM_CONVERSION = YES;
				CLANG_WARN_INFINITE_RECURSION = YES;
				CLANG_WARN_INT_CONVERSION = YES;
				CLANG_WARN_NON_LITERAL_NULL_CONVERSION = YES;
				CLANG_WARN_OBJC_IMPLICIT_RETAIN_SELF = YES;
				CLANG_WARN_OBJC_LITERAL_CONVERSION = YES;
				CLANG_WARN_OBJC_ROOT_CLASS = YES_ERROR;
				CLANG_WARN_QUOTED_INCLUDE_IN_FRAMEWORK_HEADER = YES;
				CLANG_WARN_RANGE_LOOP_ANALYSIS = YES;
				CLANG_WARN_STRICT_PROTOTYPES = YES;
				CLANG_WARN_SUSPICIOUS_MOVE = YES;
				CLANG_WARN_UNGUARDED_AVAILABILITY = YES_AGGRESSIVE;
				CLANG_WARN_UNREACHABLE_CODE = YES;
				CLANG_WARN__DUPLICATE_METHOD_MATCH = YES;
				COPY_PHASE_STRIP = NO;
				DEBUG_INFORMATION_FORMAT = dwarf;
				ENABLE_STRICT_OBJC_MSGSEND = YES;
				ENABLE_TESTABILITY = YES;
				GCC_C_LANGUAGE_STANDARD = gnu11;
				GCC_DYNAMIC_NO_PIC = NO;
				GCC_NO_COMMON_BLOCKS = YES;
				GCC_OPTIMIZATION_LEVEL = 0;
				GCC_PREPROCESSOR_DEFINITIONS = (
					"DEBUG=1",
					"$(inherited)",
				);
				GCC_WARN_64_TO_32_BIT_CONVERSION = YES;
				GCC_WARN_ABOUT_RETURN_TYPE = YES_ERROR;
				GCC_WARN_UNDECLARED_SELECTOR = YES;
				GCC_WARN_UNINITIALIZED_AUTOS = YES_AGGRESSIVE;
				GCC_WARN_UNUSED_FUNCTION = YES;
				GCC_WARN_UNUSED_VARIABLE = YES;
				IPHONEOS_DEPLOYMENT_TARGET = 14.2;
				MTL_ENABLE_DEBUG_INFO = INCLUDE_SOURCE;
				MTL_FAST_MATH = YES;
				ONLY_ACTIVE_ARCH = YES;
				SDKROOT = iphoneos;
				SWIFT_ACTIVE_COMPILATION_CONDITIONS = DEBUG;
				SWIFT_OPTIMIZATION_LEVEL = "-Onone";
			};
			name = Debug;
		};
		A053DBF5262EF24700672386 /* Release */ = {
			isa = XCBuildConfiguration;
			buildSettings = {
				ALWAYS_SEARCH_USER_PATHS = NO;
				CLANG_ANALYZER_NONNULL = YES;
				CLANG_ANALYZER_NUMBER_OBJECT_CONVERSION = YES_AGGRESSIVE;
				CLANG_CXX_LANGUAGE_STANDARD = "gnu++14";
				CLANG_CXX_LIBRARY = "libc++";
				CLANG_ENABLE_MODULES = YES;
				CLANG_ENABLE_OBJC_ARC = YES;
				CLANG_ENABLE_OBJC_WEAK = YES;
				CLANG_WARN_BLOCK_CAPTURE_AUTORELEASING = YES;
				CLANG_WARN_BOOL_CONVERSION = YES;
				CLANG_WARN_COMMA = YES;
				CLANG_WARN_CONSTANT_CONVERSION = YES;
				CLANG_WARN_DEPRECATED_OBJC_IMPLEMENTATIONS = YES;
				CLANG_WARN_DIRECT_OBJC_ISA_USAGE = YES_ERROR;
				CLANG_WARN_DOCUMENTATION_COMMENTS = YES;
				CLANG_WARN_EMPTY_BODY = YES;
				CLANG_WARN_ENUM_CONVERSION = YES;
				CLANG_WARN_INFINITE_RECURSION = YES;
				CLANG_WARN_INT_CONVERSION = YES;
				CLANG_WARN_NON_LITERAL_NULL_CONVERSION = YES;
				CLANG_WARN_OBJC_IMPLICIT_RETAIN_SELF = YES;
				CLANG_WARN_OBJC_LITERAL_CONVERSION = YES;
				CLANG_WARN_OBJC_ROOT_CLASS = YES_ERROR;
				CLANG_WARN_QUOTED_INCLUDE_IN_FRAMEWORK_HEADER = YES;
				CLANG_WARN_RANGE_LOOP_ANALYSIS = YES;
				CLANG_WARN_STRICT_PROTOTYPES = YES;
				CLANG_WARN_SUSPICIOUS_MOVE = YES;
				CLANG_WARN_UNGUARDED_AVAILABILITY = YES_AGGRESSIVE;
				CLANG_WARN_UNREACHABLE_CODE = YES;
				CLANG_WARN__DUPLICATE_METHOD_MATCH = YES;
				COPY_PHASE_STRIP = NO;
				DEBUG_INFORMATION_FORMAT = "dwarf-with-dsym";
				ENABLE_NS_ASSERTIONS = NO;
				ENABLE_STRICT_OBJC_MSGSEND = YES;
				GCC_C_LANGUAGE_STANDARD = gnu11;
				GCC_NO_COMMON_BLOCKS = YES;
				GCC_WARN_64_TO_32_BIT_CONVERSION = YES;
				GCC_WARN_ABOUT_RETURN_TYPE = YES_ERROR;
				GCC_WARN_UNDECLARED_SELECTOR = YES;
				GCC_WARN_UNINITIALIZED_AUTOS = YES_AGGRESSIVE;
				GCC_WARN_UNUSED_FUNCTION = YES;
				GCC_WARN_UNUSED_VARIABLE = YES;
				IPHONEOS_DEPLOYMENT_TARGET = 14.2;
				MTL_ENABLE_DEBUG_INFO = NO;
				MTL_FAST_MATH = YES;
				SDKROOT = iphoneos;
				SWIFT_COMPILATION_MODE = wholemodule;
				SWIFT_OPTIMIZATION_LEVEL = "-O";
				VALIDATE_PRODUCT = YES;
			};
			name = Release;
		};
		A053DBF7262EF24700672386 /* Debug */ = {
			isa = XCBuildConfiguration;
			buildSettings = {
				ASSETCATALOG_COMPILER_APPICON_NAME = AppIcon;
				ASSETCATALOG_COMPILER_GLOBAL_ACCENT_COLOR_NAME = AccentColor;
				CODE_SIGN_STYLE = Automatic;
				DEVELOPMENT_TEAM = W77429FCJY;
				INFOPLIST_FILE = "janus-videoroom-example/Info.plist";
				IPHONEOS_DEPLOYMENT_TARGET = 13.0;
				LD_RUNPATH_SEARCH_PATHS = (
					"$(inherited)",
					"@executable_path/Frameworks",
				);
				PRODUCT_BUNDLE_IDENTIFIER = "com.meonardo.janus-videoroom-example";
				PRODUCT_NAME = "$(TARGET_NAME)";
				SWIFT_VERSION = 5.0;
				TARGETED_DEVICE_FAMILY = "1,2";
			};
			name = Debug;
		};
		A053DBF8262EF24700672386 /* Release */ = {
			isa = XCBuildConfiguration;
			buildSettings = {
				ASSETCATALOG_COMPILER_APPICON_NAME = AppIcon;
				ASSETCATALOG_COMPILER_GLOBAL_ACCENT_COLOR_NAME = AccentColor;
				CODE_SIGN_STYLE = Automatic;
				DEVELOPMENT_TEAM = W77429FCJY;
				INFOPLIST_FILE = "janus-videoroom-example/Info.plist";
				IPHONEOS_DEPLOYMENT_TARGET = 13.0;
				LD_RUNPATH_SEARCH_PATHS = (
					"$(inherited)",
					"@executable_path/Frameworks",
				);
				PRODUCT_BUNDLE_IDENTIFIER = "com.meonardo.janus-videoroom-example";
				PRODUCT_NAME = "$(TARGET_NAME)";
				SWIFT_VERSION = 5.0;
				TARGETED_DEVICE_FAMILY = "1,2";
			};
			name = Release;
		};
/* End XCBuildConfiguration section */

/* Begin XCConfigurationList section */
		A053DBDD262EF24500672386 /* Build configuration list for PBXProject "janus-videoroom-example" */ = {
			isa = XCConfigurationList;
			buildConfigurations = (
				A053DBF4262EF24700672386 /* Debug */,
				A053DBF5262EF24700672386 /* Release */,
			);
			defaultConfigurationIsVisible = 0;
			defaultConfigurationName = Release;
		};
		A053DBF6262EF24700672386 /* Build configuration list for PBXNativeTarget "janus-videoroom-example" */ = {
			isa = XCConfigurationList;
			buildConfigurations = (
				A053DBF7262EF24700672386 /* Debug */,
				A053DBF8262EF24700672386 /* Release */,
			);
			defaultConfigurationIsVisible = 0;
			defaultConfigurationName = Release;
		};
/* End XCConfigurationList section */

/* Begin XCRemoteSwiftPackageReference section */
		A053DBFA262EF49B00672386 /* XCRemoteSwiftPackageReference "Starscream" */ = {
			isa = XCRemoteSwiftPackageReference;
			repositoryURL = "https://github.com/daltoniam/Starscream.git";
			requirement = {
				kind = upToNextMajorVersion;
				minimumVersion = 4.0.4;
			};
		};
		A053DBFE262EF4F400672386 /* XCRemoteSwiftPackageReference "Alertift" */ = {
			isa = XCRemoteSwiftPackageReference;
			repositoryURL = "https://github.com/sgr-ksmt/Alertift.git";
			requirement = {
				kind = upToNextMajorVersion;
				minimumVersion = 4.2.0;
			};
		};
		A053DC02262EF59E00672386 /* XCRemoteSwiftPackageReference "WebRTC" */ = {
			isa = XCRemoteSwiftPackageReference;
			repositoryURL = "https://github.com/stasel/WebRTC.git";
			requirement = {
				kind = upToNextMajorVersion;
				minimumVersion = 90.0.0;
			};
		};
/* End XCRemoteSwiftPackageReference section */

/* Begin XCSwiftPackageProductDependency section */
		A053DBFB262EF49B00672386 /* Starscream */ = {
			isa = XCSwiftPackageProductDependency;
			package = A053DBFA262EF49B00672386 /* XCRemoteSwiftPackageReference "Starscream" */;
			productName = Starscream;
		};
		A053DBFF262EF4F400672386 /* Alertift */ = {
			isa = XCSwiftPackageProductDependency;
			package = A053DBFE262EF4F400672386 /* XCRemoteSwiftPackageReference "Alertift" */;
			productName = Alertift;
		};
		A053DC03262EF59E00672386 /* WebRTC */ = {
			isa = XCSwiftPackageProductDependency;
			package = A053DC02262EF59E00672386 /* XCRemoteSwiftPackageReference "WebRTC" */;
			productName = WebRTC;
		};
/* End XCSwiftPackageProductDependency section */
	};
	rootObject = A053DBDA262EF24500672386 /* Project object */;
}
