{
  "object": {
    "pins": [
      {
        "package": "Alertift",
        "repositoryURL": "https://github.com/sgr-ksmt/Alertift.git",
        "state": {
          "branch": null,
          "revision": "7b819f97cc6f56247a16f0c92413aaf332810d4a",
          "version": "4.2.0"
        }
      },
      {
        "package": "CocoaAsyncSocket",
        "repositoryURL": "https://github.com/robbiehanson/CocoaAsyncSocket",
        "state": {
          "branch": null,
          "revision": "dbdc00669c1ced63b27c3c5f052ee4d28f10150c",
          "version": "7.6.5"
        }
      },
      {
        "package": "Starscream",
        "repositoryURL": "https://github.com/daltoniam/Starscream.git",
        "state": {
          "branch": null,
          "revision": "df8d82047f6654d8e4b655d1b1525c64e1059d21",
          "version": "4.0.4"
        }
      },
      {
        "package": "WebRTC",
        "repositoryURL": "https://github.com/Meonardo/WebRTC.git",
        "state": {
          "branch": null,
          "revision": "34882576e6a291fdec1b99c98f33b0b1862692cc",
          "version": "91.0.1"
        }
      },
      {
        "package": "Wormhole",
        "repositoryURL": "https://github.com/Meonardo/Wormhole.git",
        "state": {
          "branch": null,
          "revision": "49351aee6dbf17e08f0e0f6e66262996eaa545da",
          "version": "0.1.1"
        }
      }
    ]
  },
  "version": 1
}
